{
  "name": "client",
  "version": "1.0.0",
  "lockfileVersion": 1,
  "requires": true,
  "dependencies": {
    "async-limiter": {
      "version": "1.0.0",
      "resolved": "https://registry.npmjs.org/async-limiter/-/async-limiter-1.0.0.tgz",
      "integrity": "sha512-jp/uFnooOiO+L211eZOoSyzpOITMXx1rBITauYykG3BRYPu8h0UcxsPNB04RR5vo4Tyz3+ay17tR6JVf9qzYWg=="
    },
    "hashmap": {
      "version": "2.3.0",
      "resolved": "https://registry.npmjs.org/hashmap/-/hashmap-2.3.0.tgz",
      "integrity": "sha1-sT+2XafIul49uPwbjFuh0ASdryI="
    },
    "shuffle": {
      "version": "0.2.2",
      "resolved": "https://registry.npmjs.org/shuffle/-/shuffle-0.2.2.tgz",
      "integrity": "sha1-2k3pnxZfVc/ufSVA/gmcvNscAkw="
    },
    "string-natural-compare": {
      "version": "2.0.3",
      "resolved": "https://registry.npmjs.org/string-natural-compare/-/string-natural-compare-2.0.3.tgz",
      "integrity": "sha512-4Kcl12rNjc+6EKhY8QyDVuQTAlMWwRiNbsxnVwBUKFr7dYPQuXVrtNU4sEkjF9LHY0AY6uVbB3ktbkIH4LC+BQ=="
    },
    "ws": {
      "version": "6.1.0",
      "resolved": "https://registry.npmjs.org/ws/-/ws-6.1.0.tgz",
      "integrity": "sha512-H3dGVdGvW2H8bnYpIDc3u3LH8Wue3Qh+Zto6aXXFzvESkTVT6rAfKR6tR/+coaUvxs8yHtmNV0uioBF62ZGSTg==",
      "requires": {
        "async-limiter": "1.0.0"
      }
    }
  }
}
